// !$*UTF8*$!
{
	archiveVersion = 1;
	classes = {
	};
	objectVersion = 46;
	objects = {

/* Begin PBXBuildFile section */
		0A4196D81E718E5A005E4A52 /* Kite_LoopTests.swift in Sources */ = {isa = PBXBuildFile; fileRef = 9BD656DF1D4120CE008C15C6 /* Kite_LoopTests.swift */; };
		9B0CD3681D4BA8E10015FC17 /* Spot.swift in Sources */ = {isa = PBXBuildFile; fileRef = 9B0CD3671D4BA8E10015FC17 /* Spot.swift */; };
		9B0CD36A1D4BBCA90015FC17 /* MenuViewController.swift in Sources */ = {isa = PBXBuildFile; fileRef = 9B0CD3691D4BBCA90015FC17 /* MenuViewController.swift */; };
		9B0CD36C1D4BBFC40015FC17 /* MenuCell.swift in Sources */ = {isa = PBXBuildFile; fileRef = 9B0CD36B1D4BBFC40015FC17 /* MenuCell.swift */; };
		9B0F9AC41D58ADFF00AE38C9 /* menu-arrow.png in Resources */ = {isa = PBXBuildFile; fileRef = 9B0F9AC31D58ADFF00AE38C9 /* menu-arrow.png */; };
		9B0F9AC61D58CBC100AE38C9 /* User.swift in Sources */ = {isa = PBXBuildFile; fileRef = 9B0F9AC51D58CBC100AE38C9 /* User.swift */; };
		9B115D811D4B71390054917D /* surf-sign.jpg in Resources */ = {isa = PBXBuildFile; fileRef = 9B115D801D4B71390054917D /* surf-sign.jpg */; };
		9B115D831D4B71D40054917D /* surf-sign-sports-icon-symbol-water-surfing_121-99303.jpg in Resources */ = {isa = PBXBuildFile; fileRef = 9B115D821D4B71D40054917D /* surf-sign-sports-icon-symbol-water-surfing_121-99303.jpg */; };
		9B115D851D4B722B0054917D /* sports-icon-png-3277.png in Resources */ = {isa = PBXBuildFile; fileRef = 9B115D841D4B722B0054917D /* sports-icon-png-3277.png */; };
		9B115D871D4B72B60054917D /* surf-sign-1X.png in Resources */ = {isa = PBXBuildFile; fileRef = 9B115D861D4B72B60054917D /* surf-sign-1X.png */; };
		9B115D891D4B73220054917D /* megaphone-icon.png in Resources */ = {isa = PBXBuildFile; fileRef = 9B115D881D4B73220054917D /* megaphone-icon.png */; };
		9B115D8D1D4B79030054917D /* SpotInfoView.swift in Sources */ = {isa = PBXBuildFile; fileRef = 9B115D8C1D4B79030054917D /* SpotInfoView.swift */; };
		9B22E2E91D491F2D00E784E6 /* images.png in Resources */ = {isa = PBXBuildFile; fileRef = 9B22E2E81D491F2D00E784E6 /* images.png */; };
		9B2355D71D4A6BD700ADABF6 /* AmazoneService.swift in Sources */ = {isa = PBXBuildFile; fileRef = 9B2355D61D4A6BD700ADABF6 /* AmazoneService.swift */; };
		9B2983D51D42344700CB5F0E /* PostCell.swift in Sources */ = {isa = PBXBuildFile; fileRef = 9B2983D41D42344700CB5F0E /* PostCell.swift */; };
		9B2983D81D424D3800CB5F0E /* Post.swift in Sources */ = {isa = PBXBuildFile; fileRef = 9B2983D71D424D3800CB5F0E /* Post.swift */; };
		9B2D67471D50E6C200F50312 /* WeatherService.swift in Sources */ = {isa = PBXBuildFile; fileRef = 9B2D67461D50E6C200F50312 /* WeatherService.swift */; };
		9B2D67491D511B4400F50312 /* Sports-Kitesurfing-icon.png in Resources */ = {isa = PBXBuildFile; fileRef = 9B2D67481D511B4300F50312 /* Sports-Kitesurfing-icon.png */; };
		9B46C38A1D54F4C40059D249 /* MapViewController.swift in Sources */ = {isa = PBXBuildFile; fileRef = 9B46C3891D54F4C40059D249 /* MapViewController.swift */; };
		9B46C38C1D54F5240059D249 /* globe.png in Resources */ = {isa = PBXBuildFile; fileRef = 9B46C38B1D54F5240059D249 /* globe.png */; };
		9B46C38E1D54F55C0059D249 /* globe (1).png in Resources */ = {isa = PBXBuildFile; fileRef = 9B46C38D1D54F55C0059D249 /* globe (1).png */; };
		9B46C3901D55009C0059D249 /* cloud3.png in Resources */ = {isa = PBXBuildFile; fileRef = 9B46C38F1D55009C0059D249 /* cloud3.png */; };
		9B46C3921D5500DB0059D249 /* thermometer-512.png in Resources */ = {isa = PBXBuildFile; fileRef = 9B46C3911D5500DB0059D249 /* thermometer-512.png */; };
		9B46C3951D5501DA0059D249 /* Celsius.svg_0.png in Resources */ = {isa = PBXBuildFile; fileRef = 9B46C3931D5501DA0059D249 /* Celsius.svg_0.png */; };
		9B46C3961D5501DA0059D249 /* humidity.png in Resources */ = {isa = PBXBuildFile; fileRef = 9B46C3941D5501DA0059D249 /* humidity.png */; };
		9B4F28D51D53A88100CEBD1E /* white-clouds-256.png in Resources */ = {isa = PBXBuildFile; fileRef = 9B4F28D41D53A88100CEBD1E /* white-clouds-256.png */; };
		9B4F28D91D53AEC400CEBD1E /* chat.png in Resources */ = {isa = PBXBuildFile; fileRef = 9B4F28D81D53AEC400CEBD1E /* chat.png */; };
		9B4F28DB1D53AF7200CEBD1E /* WeatherViewController.swift in Sources */ = {isa = PBXBuildFile; fileRef = 9B4F28DA1D53AF7200CEBD1E /* WeatherViewController.swift */; };
		9B4F28DD1D53B58D00CEBD1E /* live-rain-wallpapers-8.jpeg in Resources */ = {isa = PBXBuildFile; fileRef = 9B4F28DC1D53B58D00CEBD1E /* live-rain-wallpapers-8.jpeg */; };
		9B4F28DF1D53BAA800CEBD1E /* torn slit separator.png in Resources */ = {isa = PBXBuildFile; fileRef = 9B4F28DE1D53BAA800CEBD1E /* torn slit separator.png */; };
		9B4F28E11D53BB0200CEBD1E /* pict--vertical-separator-ms-windows-vista-user-interface-vector-stencils-library.png in Resources */ = {isa = PBXBuildFile; fileRef = 9B4F28E01D53BB0200CEBD1E /* pict--vertical-separator-ms-windows-vista-user-interface-vector-stencils-library.png */; };
		9B4F28E31D53BBDA00CEBD1E /* sun-badass.png in Resources */ = {isa = PBXBuildFile; fileRef = 9B4F28E21D53BBDA00CEBD1E /* sun-badass.png */; };
		9B4F28E51D53C1E500CEBD1E /* Compass (1).png in Resources */ = {isa = PBXBuildFile; fileRef = 9B4F28E41D53C1E500CEBD1E /* Compass (1).png */; };
		9B4F28E71D53C5E200CEBD1E /* MagicSeaweed2.html in Resources */ = {isa = PBXBuildFile; fileRef = 9B4F28E61D53C5E200CEBD1E /* MagicSeaweed2.html */; };
		9B695CA51D52474B00E2DF39 /* MagicSeaweedViewController.swift in Sources */ = {isa = PBXBuildFile; fileRef = 9B695CA41D52474B00E2DF39 /* MagicSeaweedViewController.swift */; };
		9B695CAA1D524DDE00E2DF39 /* MagicSeaweed.html in Resources */ = {isa = PBXBuildFile; fileRef = 9B695CA91D524DDE00E2DF39 /* MagicSeaweed.html */; };
		9B695CAC1D52574900E2DF39 /* MagicSeaweedView.swift in Sources */ = {isa = PBXBuildFile; fileRef = 9B695CAB1D52574900E2DF39 /* MagicSeaweedView.swift */; };
		9B7E929B1D538A7700DB9D13 /* ScrollViewController.swift in Sources */ = {isa = PBXBuildFile; fileRef = 9B7E929A1D538A7700DB9D13 /* ScrollViewController.swift */; };
		9B9403561D54999B00A2A14C /* images.jpeg in Resources */ = {isa = PBXBuildFile; fileRef = 9B9403551D54999B00A2A14C /* images.jpeg */; };
		9B9403581D549FCD00A2A14C /* WebCamViewController.swift in Sources */ = {isa = PBXBuildFile; fileRef = 9B9403571D549FCD00A2A14C /* WebCamViewController.swift */; };
		9B94035A1D54A0F300A2A14C /* webcam-icon.png in Resources */ = {isa = PBXBuildFile; fileRef = 9B9403591D54A0F300A2A14C /* webcam-icon.png */; };
		9BD3F79A1D412DD000C6F4BC /* DataService.swift in Sources */ = {isa = PBXBuildFile; fileRef = 9BD3F7991D412DD000C6F4BC /* DataService.swift */; };
		9BD3F79C1D41305200C6F4BC /* Firebase.framework in Frameworks */ = {isa = PBXBuildFile; fileRef = 9BD3F79B1D41305200C6F4BC /* Firebase.framework */; };
		9BD3F79E1D41317B00C6F4BC /* libicucore.tbd in Frameworks */ = {isa = PBXBuildFile; fileRef = 9BD3F79D1D41317B00C6F4BC /* libicucore.tbd */; };
		9BD3F7A01D41318E00C6F4BC /* libc++.tbd in Frameworks */ = {isa = PBXBuildFile; fileRef = 9BD3F79F1D41318E00C6F4BC /* libc++.tbd */; };
		9BD3F7A21D41319A00C6F4BC /* CFNetwork.framework in Frameworks */ = {isa = PBXBuildFile; fileRef = 9BD3F7A11D41319A00C6F4BC /* CFNetwork.framework */; };
		9BD3F7A41D4131A400C6F4BC /* Security.framework in Frameworks */ = {isa = PBXBuildFile; fileRef = 9BD3F7A31D4131A400C6F4BC /* Security.framework */; };
		9BD3F7A61D4131AE00C6F4BC /* SystemConfiguration.framework in Frameworks */ = {isa = PBXBuildFile; fileRef = 9BD3F7A51D4131AE00C6F4BC /* SystemConfiguration.framework */; };
		9BD3F7A91D41342C00C6F4BC /* constants.swift in Sources */ = {isa = PBXBuildFile; fileRef = 9BD3F7A81D41342C00C6F4BC /* constants.swift */; };
		9BD3F7AC1D4146BD00C6F4BC /* 6107-nicolas-cage.jpg in Resources */ = {isa = PBXBuildFile; fileRef = 9BD3F7AA1D4146BD00C6F4BC /* 6107-nicolas-cage.jpg */; };
		9BD3F7AD1D4146BD00C6F4BC /* heart-empty-128.png in Resources */ = {isa = PBXBuildFile; fileRef = 9BD3F7AB1D4146BD00C6F4BC /* heart-empty-128.png */; };
		9BD3F7AF1D4148A400C6F4BC /* kitesurfer.jpeg in Resources */ = {isa = PBXBuildFile; fileRef = 9BD3F7AE1D4148A400C6F4BC /* kitesurfer.jpeg */; };
		9BD3F7B21D414E5100C6F4BC /* Feedvc.swift in Sources */ = {isa = PBXBuildFile; fileRef = 9BD3F7B11D414E5100C6F4BC /* Feedvc.swift */; };
		9BD656CB1D4120CE008C15C6 /* AppDelegate.swift in Sources */ = {isa = PBXBuildFile; fileRef = 9BD656CA1D4120CE008C15C6 /* AppDelegate.swift */; };
		9BD656CD1D4120CE008C15C6 /* ViewController.swift in Sources */ = {isa = PBXBuildFile; fileRef = 9BD656CC1D4120CE008C15C6 /* ViewController.swift */; };
		9BD656D21D4120CE008C15C6 /* Assets.xcassets in Resources */ = {isa = PBXBuildFile; fileRef = 9BD656D11D4120CE008C15C6 /* Assets.xcassets */; };
		9BD656EB1D4120CE008C15C6 /* Kite_LoopUITests.swift in Sources */ = {isa = PBXBuildFile; fileRef = 9BD656EA1D4120CE008C15C6 /* Kite_LoopUITests.swift */; };
		9BD656FA1D412133008C15C6 /* Main.storyboard in Resources */ = {isa = PBXBuildFile; fileRef = 9BD656F81D412133008C15C6 /* Main.storyboard */; };
		9BD656FB1D412133008C15C6 /* LaunchScreen.storyboard in Resources */ = {isa = PBXBuildFile; fileRef = 9BD656F91D412133008C15C6 /* LaunchScreen.storyboard */; };
		9BD657001D412197008C15C6 /* MaterialView.swift in Sources */ = {isa = PBXBuildFile; fileRef = 9BD656FD1D412197008C15C6 /* MaterialView.swift */; };
		9BD657011D412197008C15C6 /* MaterialButton.swift in Sources */ = {isa = PBXBuildFile; fileRef = 9BD656FE1D412197008C15C6 /* MaterialButton.swift */; };
		9BD657021D412197008C15C6 /* MaterialTextField.swift in Sources */ = {isa = PBXBuildFile; fileRef = 9BD656FF1D412197008C15C6 /* MaterialTextField.swift */; };
		9BD6570B1D4121CA008C15C6 /* Bolts.framework in Frameworks */ = {isa = PBXBuildFile; fileRef = 9BD657081D4121CA008C15C6 /* Bolts.framework */; };
		9BD6570C1D4121CA008C15C6 /* FBSDKCoreKit.framework in Frameworks */ = {isa = PBXBuildFile; fileRef = 9BD657091D4121CA008C15C6 /* FBSDKCoreKit.framework */; };
		9BD6570D1D4121CA008C15C6 /* FBSDKLoginKit.framework in Frameworks */ = {isa = PBXBuildFile; fileRef = 9BD6570A1D4121CA008C15C6 /* FBSDKLoginKit.framework */; };
		9BE360991D523100009DF528 /* SpotCell.swift in Sources */ = {isa = PBXBuildFile; fileRef = 9BE360981D523100009DF528 /* SpotCell.swift */; };
		9BEE01941D522A3C00128DD5 /* SpotListViewController.swift in Sources */ = {isa = PBXBuildFile; fileRef = 9BEE01931D522A3C00128DD5 /* SpotListViewController.swift */; };
		E26B283FAC09B8910D32F690 /* Pods_Kite_Loop.framework in Frameworks */ = {isa = PBXBuildFile; fileRef = 434462DDBB3DE90090C4DE1F /* Pods_Kite_Loop.framework */; };
/* End PBXBuildFile section */

/* Begin PBXContainerItemProxy section */
		9BD656DC1D4120CE008C15C6 /* PBXContainerItemProxy */ = {
			isa = PBXContainerItemProxy;
			containerPortal = 9BD656BF1D4120CD008C15C6 /* Project object */;
			proxyType = 1;
			remoteGlobalIDString = 9BD656C61D4120CE008C15C6;
			remoteInfo = "Kite Loop";
		};
		9BD656E71D4120CE008C15C6 /* PBXContainerItemProxy */ = {
			isa = PBXContainerItemProxy;
			containerPortal = 9BD656BF1D4120CD008C15C6 /* Project object */;
			proxyType = 1;
			remoteGlobalIDString = 9BD656C61D4120CE008C15C6;
			remoteInfo = "Kite Loop";
		};
/* End PBXContainerItemProxy section */

/* Begin PBXFileReference section */
		434462DDBB3DE90090C4DE1F /* Pods_Kite_Loop.framework */ = {isa = PBXFileReference; explicitFileType = wrapper.framework; includeInIndex = 0; path = Pods_Kite_Loop.framework; sourceTree = BUILT_PRODUCTS_DIR; };
		76FAA687CD1D17D533AB31D6 /* Pods_Kite_LoopUITests.framework */ = {isa = PBXFileReference; explicitFileType = wrapper.framework; includeInIndex = 0; path = Pods_Kite_LoopUITests.framework; sourceTree = BUILT_PRODUCTS_DIR; };
		83C00FC6E7D7B80B80E265E6 /* Pods-Kite Loop.debug.xcconfig */ = {isa = PBXFileReference; includeInIndex = 1; lastKnownFileType = text.xcconfig; name = "Pods-Kite Loop.debug.xcconfig"; path = "Pods/Target Support Files/Pods-Kite Loop/Pods-Kite Loop.debug.xcconfig"; sourceTree = "<group>"; };
		8B41FBFE88F00D74F4AEB842 /* Pods_Kite_LoopTests.framework */ = {isa = PBXFileReference; explicitFileType = wrapper.framework; includeInIndex = 0; path = Pods_Kite_LoopTests.framework; sourceTree = BUILT_PRODUCTS_DIR; };
		9B0CD3671D4BA8E10015FC17 /* Spot.swift */ = {isa = PBXFileReference; fileEncoding = 4; lastKnownFileType = sourcecode.swift; path = Spot.swift; sourceTree = "<group>"; };
		9B0CD3691D4BBCA90015FC17 /* MenuViewController.swift */ = {isa = PBXFileReference; fileEncoding = 4; lastKnownFileType = sourcecode.swift; path = MenuViewController.swift; sourceTree = "<group>"; };
		9B0CD36B1D4BBFC40015FC17 /* MenuCell.swift */ = {isa = PBXFileReference; fileEncoding = 4; lastKnownFileType = sourcecode.swift; path = MenuCell.swift; sourceTree = "<group>"; };
		9B0F9AC31D58ADFF00AE38C9 /* menu-arrow.png */ = {isa = PBXFileReference; lastKnownFileType = image.png; path = "menu-arrow.png"; sourceTree = "<group>"; };
		9B0F9AC51D58CBC100AE38C9 /* User.swift */ = {isa = PBXFileReference; fileEncoding = 4; lastKnownFileType = sourcecode.swift; path = User.swift; sourceTree = "<group>"; };
		9B115D801D4B71390054917D /* surf-sign.jpg */ = {isa = PBXFileReference; lastKnownFileType = image.jpeg; path = "surf-sign.jpg"; sourceTree = "<group>"; };
		9B115D821D4B71D40054917D /* surf-sign-sports-icon-symbol-water-surfing_121-99303.jpg */ = {isa = PBXFileReference; lastKnownFileType = image.jpeg; path = "surf-sign-sports-icon-symbol-water-surfing_121-99303.jpg"; sourceTree = "<group>"; };
		9B115D841D4B722B0054917D /* sports-icon-png-3277.png */ = {isa = PBXFileReference; lastKnownFileType = image.png; path = "sports-icon-png-3277.png"; sourceTree = "<group>"; };
		9B115D861D4B72B60054917D /* surf-sign-1X.png */ = {isa = PBXFileReference; lastKnownFileType = image.png; path = "surf-sign-1X.png"; sourceTree = "<group>"; };
		9B115D881D4B73220054917D /* megaphone-icon.png */ = {isa = PBXFileReference; lastKnownFileType = image.png; path = "megaphone-icon.png"; sourceTree = "<group>"; };
		9B115D8C1D4B79030054917D /* SpotInfoView.swift */ = {isa = PBXFileReference; fileEncoding = 4; lastKnownFileType = sourcecode.swift; path = SpotInfoView.swift; sourceTree = "<group>"; };
		9B22E2E81D491F2D00E784E6 /* images.png */ = {isa = PBXFileReference; lastKnownFileType = image.png; path = images.png; sourceTree = "<group>"; };
		9B2355D61D4A6BD700ADABF6 /* AmazoneService.swift */ = {isa = PBXFileReference; fileEncoding = 4; lastKnownFileType = sourcecode.swift; path = AmazoneService.swift; sourceTree = "<group>"; };
		9B2983D41D42344700CB5F0E /* PostCell.swift */ = {isa = PBXFileReference; fileEncoding = 4; lastKnownFileType = sourcecode.swift; path = PostCell.swift; sourceTree = "<group>"; };
		9B2983D71D424D3800CB5F0E /* Post.swift */ = {isa = PBXFileReference; fileEncoding = 4; lastKnownFileType = sourcecode.swift; path = Post.swift; sourceTree = "<group>"; };
		9B2D67461D50E6C200F50312 /* WeatherService.swift */ = {isa = PBXFileReference; fileEncoding = 4; lastKnownFileType = sourcecode.swift; path = WeatherService.swift; sourceTree = "<group>"; };
		9B2D67481D511B4300F50312 /* Sports-Kitesurfing-icon.png */ = {isa = PBXFileReference; lastKnownFileType = image.png; path = "Sports-Kitesurfing-icon.png"; sourceTree = "<group>"; };
		9B46C3891D54F4C40059D249 /* MapViewController.swift */ = {isa = PBXFileReference; fileEncoding = 4; lastKnownFileType = sourcecode.swift; path = MapViewController.swift; sourceTree = "<group>"; };
		9B46C38B1D54F5240059D249 /* globe.png */ = {isa = PBXFileReference; lastKnownFileType = image.png; path = globe.png; sourceTree = "<group>"; };
		9B46C38D1D54F55C0059D249 /* globe (1).png */ = {isa = PBXFileReference; lastKnownFileType = image.png; path = "globe (1).png"; sourceTree = "<group>"; };
		9B46C38F1D55009C0059D249 /* cloud3.png */ = {isa = PBXFileReference; lastKnownFileType = image.png; path = cloud3.png; sourceTree = "<group>"; };
		9B46C3911D5500DB0059D249 /* thermometer-512.png */ = {isa = PBXFileReference; lastKnownFileType = image.png; path = "thermometer-512.png"; sourceTree = "<group>"; };
		9B46C3931D5501DA0059D249 /* Celsius.svg_0.png */ = {isa = PBXFileReference; lastKnownFileType = image.png; path = Celsius.svg_0.png; sourceTree = "<group>"; };
		9B46C3941D5501DA0059D249 /* humidity.png */ = {isa = PBXFileReference; lastKnownFileType = image.png; path = humidity.png; sourceTree = "<group>"; };
		9B4F28D41D53A88100CEBD1E /* white-clouds-256.png */ = {isa = PBXFileReference; lastKnownFileType = image.png; path = "white-clouds-256.png"; sourceTree = "<group>"; };
		9B4F28D81D53AEC400CEBD1E /* chat.png */ = {isa = PBXFileReference; lastKnownFileType = image.png; path = chat.png; sourceTree = "<group>"; };
		9B4F28DA1D53AF7200CEBD1E /* WeatherViewController.swift */ = {isa = PBXFileReference; fileEncoding = 4; lastKnownFileType = sourcecode.swift; path = WeatherViewController.swift; sourceTree = "<group>"; };
		9B4F28DC1D53B58D00CEBD1E /* live-rain-wallpapers-8.jpeg */ = {isa = PBXFileReference; lastKnownFileType = image.jpeg; path = "live-rain-wallpapers-8.jpeg"; sourceTree = "<group>"; };
		9B4F28DE1D53BAA800CEBD1E /* torn slit separator.png */ = {isa = PBXFileReference; lastKnownFileType = image.png; path = "torn slit separator.png"; sourceTree = "<group>"; };
		9B4F28E01D53BB0200CEBD1E /* pict--vertical-separator-ms-windows-vista-user-interface-vector-stencils-library.png */ = {isa = PBXFileReference; lastKnownFileType = image.png; path = "pict--vertical-separator-ms-windows-vista-user-interface-vector-stencils-library.png"; sourceTree = "<group>"; };
		9B4F28E21D53BBDA00CEBD1E /* sun-badass.png */ = {isa = PBXFileReference; lastKnownFileType = image.png; path = "sun-badass.png"; sourceTree = "<group>"; };
		9B4F28E41D53C1E500CEBD1E /* Compass (1).png */ = {isa = PBXFileReference; lastKnownFileType = image.png; path = "Compass (1).png"; sourceTree = "<group>"; };
		9B4F28E61D53C5E200CEBD1E /* MagicSeaweed2.html */ = {isa = PBXFileReference; fileEncoding = 4; lastKnownFileType = text.html; path = MagicSeaweed2.html; sourceTree = "<group>"; };
		9B695CA41D52474B00E2DF39 /* MagicSeaweedViewController.swift */ = {isa = PBXFileReference; fileEncoding = 4; lastKnownFileType = sourcecode.swift; path = MagicSeaweedViewController.swift; sourceTree = "<group>"; };
		9B695CA91D524DDE00E2DF39 /* MagicSeaweed.html */ = {isa = PBXFileReference; fileEncoding = 4; lastKnownFileType = text.html; path = MagicSeaweed.html; sourceTree = "<group>"; };
		9B695CAB1D52574900E2DF39 /* MagicSeaweedView.swift */ = {isa = PBXFileReference; fileEncoding = 4; lastKnownFileType = sourcecode.swift; path = MagicSeaweedView.swift; sourceTree = "<group>"; };
		9B7E929A1D538A7700DB9D13 /* ScrollViewController.swift */ = {isa = PBXFileReference; fileEncoding = 4; lastKnownFileType = sourcecode.swift; path = ScrollViewController.swift; sourceTree = "<group>"; };
		9B9403551D54999B00A2A14C /* images.jpeg */ = {isa = PBXFileReference; lastKnownFileType = image.jpeg; path = images.jpeg; sourceTree = "<group>"; };
		9B9403571D549FCD00A2A14C /* WebCamViewController.swift */ = {isa = PBXFileReference; fileEncoding = 4; lastKnownFileType = sourcecode.swift; path = WebCamViewController.swift; sourceTree = "<group>"; };
		9B9403591D54A0F300A2A14C /* webcam-icon.png */ = {isa = PBXFileReference; lastKnownFileType = image.png; path = "webcam-icon.png"; sourceTree = "<group>"; };
		9BD3F7991D412DD000C6F4BC /* DataService.swift */ = {isa = PBXFileReference; fileEncoding = 4; lastKnownFileType = sourcecode.swift; path = DataService.swift; sourceTree = "<group>"; };
		9BD3F79B1D41305200C6F4BC /* Firebase.framework */ = {isa = PBXFileReference; lastKnownFileType = wrapper.framework; path = Firebase.framework; sourceTree = "<group>"; };
		9BD3F79D1D41317B00C6F4BC /* libicucore.tbd */ = {isa = PBXFileReference; lastKnownFileType = "sourcecode.text-based-dylib-definition"; name = libicucore.tbd; path = usr/lib/libicucore.tbd; sourceTree = SDKROOT; };
		9BD3F79F1D41318E00C6F4BC /* libc++.tbd */ = {isa = PBXFileReference; lastKnownFileType = "sourcecode.text-based-dylib-definition"; name = "libc++.tbd"; path = "usr/lib/libc++.tbd"; sourceTree = SDKROOT; };
		9BD3F7A11D41319A00C6F4BC /* CFNetwork.framework */ = {isa = PBXFileReference; lastKnownFileType = wrapper.framework; name = CFNetwork.framework; path = System/Library/Frameworks/CFNetwork.framework; sourceTree = SDKROOT; };
		9BD3F7A31D4131A400C6F4BC /* Security.framework */ = {isa = PBXFileReference; lastKnownFileType = wrapper.framework; name = Security.framework; path = System/Library/Frameworks/Security.framework; sourceTree = SDKROOT; };
		9BD3F7A51D4131AE00C6F4BC /* SystemConfiguration.framework */ = {isa = PBXFileReference; lastKnownFileType = wrapper.framework; name = SystemConfiguration.framework; path = System/Library/Frameworks/SystemConfiguration.framework; sourceTree = SDKROOT; };
		9BD3F7A81D41342C00C6F4BC /* constants.swift */ = {isa = PBXFileReference; fileEncoding = 4; lastKnownFileType = sourcecode.swift; path = constants.swift; sourceTree = "<group>"; };
		9BD3F7AA1D4146BD00C6F4BC /* 6107-nicolas-cage.jpg */ = {isa = PBXFileReference; lastKnownFileType = image.jpeg; path = "6107-nicolas-cage.jpg"; sourceTree = "<group>"; };
		9BD3F7AB1D4146BD00C6F4BC /* heart-empty-128.png */ = {isa = PBXFileReference; lastKnownFileType = image.png; path = "heart-empty-128.png"; sourceTree = "<group>"; };
		9BD3F7AE1D4148A400C6F4BC /* kitesurfer.jpeg */ = {isa = PBXFileReference; lastKnownFileType = image.jpeg; path = kitesurfer.jpeg; sourceTree = "<group>"; };
		9BD3F7B11D414E5100C6F4BC /* Feedvc.swift */ = {isa = PBXFileReference; fileEncoding = 4; lastKnownFileType = sourcecode.swift; path = Feedvc.swift; sourceTree = "<group>"; };
		9BD656C71D4120CE008C15C6 /* Kite Loop.app */ = {isa = PBXFileReference; explicitFileType = wrapper.application; includeInIndex = 0; path = "Kite Loop.app"; sourceTree = BUILT_PRODUCTS_DIR; };
		9BD656CA1D4120CE008C15C6 /* AppDelegate.swift */ = {isa = PBXFileReference; lastKnownFileType = sourcecode.swift; path = AppDelegate.swift; sourceTree = "<group>"; };
		9BD656CC1D4120CE008C15C6 /* ViewController.swift */ = {isa = PBXFileReference; lastKnownFileType = sourcecode.swift; name = ViewController.swift; path = "Kite Loop/ViewController.swift"; sourceTree = "<group>"; };
		9BD656D11D4120CE008C15C6 /* Assets.xcassets */ = {isa = PBXFileReference; lastKnownFileType = folder.assetcatalog; path = Assets.xcassets; sourceTree = "<group>"; };
		9BD656D61D4120CE008C15C6 /* Info.plist */ = {isa = PBXFileReference; lastKnownFileType = text.plist.xml; path = Info.plist; sourceTree = "<group>"; };
		9BD656DB1D4120CE008C15C6 /* Kite LoopTests.xctest */ = {isa = PBXFileReference; explicitFileType = wrapper.cfbundle; includeInIndex = 0; path = "Kite LoopTests.xctest"; sourceTree = BUILT_PRODUCTS_DIR; };
		9BD656DF1D4120CE008C15C6 /* Kite_LoopTests.swift */ = {isa = PBXFileReference; lastKnownFileType = sourcecode.swift; path = Kite_LoopTests.swift; sourceTree = "<group>"; };
		9BD656E11D4120CE008C15C6 /* Info.plist */ = {isa = PBXFileReference; lastKnownFileType = text.plist.xml; path = Info.plist; sourceTree = "<group>"; };
		9BD656E61D4120CE008C15C6 /* Kite LoopUITests.xctest */ = {isa = PBXFileReference; explicitFileType = wrapper.cfbundle; includeInIndex = 0; path = "Kite LoopUITests.xctest"; sourceTree = BUILT_PRODUCTS_DIR; };
		9BD656EA1D4120CE008C15C6 /* Kite_LoopUITests.swift */ = {isa = PBXFileReference; lastKnownFileType = sourcecode.swift; path = Kite_LoopUITests.swift; sourceTree = "<group>"; };
		9BD656EC1D4120CE008C15C6 /* Info.plist */ = {isa = PBXFileReference; lastKnownFileType = text.plist.xml; path = Info.plist; sourceTree = "<group>"; };
		9BD656F81D412133008C15C6 /* Main.storyboard */ = {isa = PBXFileReference; fileEncoding = 4; lastKnownFileType = file.storyboard; path = Main.storyboard; sourceTree = "<group>"; };
		9BD656F91D412133008C15C6 /* LaunchScreen.storyboard */ = {isa = PBXFileReference; fileEncoding = 4; lastKnownFileType = file.storyboard; path = LaunchScreen.storyboard; sourceTree = "<group>"; };
		9BD656FD1D412197008C15C6 /* MaterialView.swift */ = {isa = PBXFileReference; fileEncoding = 4; lastKnownFileType = sourcecode.swift; path = MaterialView.swift; sourceTree = "<group>"; };
		9BD656FE1D412197008C15C6 /* MaterialButton.swift */ = {isa = PBXFileReference; fileEncoding = 4; lastKnownFileType = sourcecode.swift; path = MaterialButton.swift; sourceTree = "<group>"; };
		9BD656FF1D412197008C15C6 /* MaterialTextField.swift */ = {isa = PBXFileReference; fileEncoding = 4; lastKnownFileType = sourcecode.swift; path = MaterialTextField.swift; sourceTree = "<group>"; };
		9BD657081D4121CA008C15C6 /* Bolts.framework */ = {isa = PBXFileReference; lastKnownFileType = wrapper.framework; path = Bolts.framework; sourceTree = "<group>"; };
		9BD657091D4121CA008C15C6 /* FBSDKCoreKit.framework */ = {isa = PBXFileReference; lastKnownFileType = wrapper.framework; path = FBSDKCoreKit.framework; sourceTree = "<group>"; };
		9BD6570A1D4121CA008C15C6 /* FBSDKLoginKit.framework */ = {isa = PBXFileReference; lastKnownFileType = wrapper.framework; path = FBSDKLoginKit.framework; sourceTree = "<group>"; };
		9BE360981D523100009DF528 /* SpotCell.swift */ = {isa = PBXFileReference; fileEncoding = 4; lastKnownFileType = sourcecode.swift; path = SpotCell.swift; sourceTree = "<group>"; };
		9BEE01931D522A3C00128DD5 /* SpotListViewController.swift */ = {isa = PBXFileReference; fileEncoding = 4; lastKnownFileType = sourcecode.swift; path = SpotListViewController.swift; sourceTree = "<group>"; };
		C0C77853EAD8D9EE8F5A5BC1 /* Pods-Kite Loop.release.xcconfig */ = {isa = PBXFileReference; includeInIndex = 1; lastKnownFileType = text.xcconfig; name = "Pods-Kite Loop.release.xcconfig"; path = "Pods/Target Support Files/Pods-Kite Loop/Pods-Kite Loop.release.xcconfig"; sourceTree = "<group>"; };
/* End PBXFileReference section */

/* Begin PBXFrameworksBuildPhase section */
		9BD656C41D4120CE008C15C6 /* Frameworks */ = {
			isa = PBXFrameworksBuildPhase;
			buildActionMask = 2147483647;
			files = (
				9BD3F7A61D4131AE00C6F4BC /* SystemConfiguration.framework in Frameworks */,
				9BD3F7A41D4131A400C6F4BC /* Security.framework in Frameworks */,
				9BD3F7A21D41319A00C6F4BC /* CFNetwork.framework in Frameworks */,
				9BD3F7A01D41318E00C6F4BC /* libc++.tbd in Frameworks */,
				9BD3F79E1D41317B00C6F4BC /* libicucore.tbd in Frameworks */,
				9BD3F79C1D41305200C6F4BC /* Firebase.framework in Frameworks */,
				9BD6570B1D4121CA008C15C6 /* Bolts.framework in Frameworks */,
				9BD6570C1D4121CA008C15C6 /* FBSDKCoreKit.framework in Frameworks */,
				9BD6570D1D4121CA008C15C6 /* FBSDKLoginKit.framework in Frameworks */,
				E26B283FAC09B8910D32F690 /* Pods_Kite_Loop.framework in Frameworks */,
			);
			runOnlyForDeploymentPostprocessing = 0;
		};
		9BD656D81D4120CE008C15C6 /* Frameworks */ = {
			isa = PBXFrameworksBuildPhase;
			buildActionMask = 2147483647;
			files = (
			);
			runOnlyForDeploymentPostprocessing = 0;
		};
		9BD656E31D4120CE008C15C6 /* Frameworks */ = {
			isa = PBXFrameworksBuildPhase;
			buildActionMask = 2147483647;
			files = (
			);
			runOnlyForDeploymentPostprocessing = 0;
		};
/* End PBXFrameworksBuildPhase section */

/* Begin PBXGroup section */
		9B2983D61D424D2700CB5F0E /* Model */ = {
			isa = PBXGroup;
			children = (
				9B2983D71D424D3800CB5F0E /* Post.swift */,
				9B0CD3671D4BA8E10015FC17 /* Spot.swift */,
				9B0F9AC51D58CBC100AE38C9 /* User.swift */,
			);
			name = Model;
			sourceTree = "<group>";
		};
		9B695CA61D524B8300E2DF39 /* WebViews */ = {
			isa = PBXGroup;
			children = (
				9B695CA91D524DDE00E2DF39 /* MagicSeaweed.html */,
				9B4F28E61D53C5E200CEBD1E /* MagicSeaweed2.html */,
			);
			name = WebViews;
			sourceTree = "<group>";
		};
		9BD3F7951D41297300C6F4BC /* Resources */ = {
			isa = PBXGroup;
			children = (
				9BD3F7AA1D4146BD00C6F4BC /* 6107-nicolas-cage.jpg */,
				9BD3F7AB1D4146BD00C6F4BC /* heart-empty-128.png */,
				9BD3F7AE1D4148A400C6F4BC /* kitesurfer.jpeg */,
			);
			name = Resources;
			sourceTree = "<group>";
		};
		9BD3F7981D412DB500C6F4BC /* Services */ = {
			isa = PBXGroup;
			children = (
				9B2D67461D50E6C200F50312 /* WeatherService.swift */,
				9BD3F7991D412DD000C6F4BC /* DataService.swift */,
				9B2355D61D4A6BD700ADABF6 /* AmazoneService.swift */,
			);
			name = Services;
			sourceTree = "<group>";
		};
		9BD3F7A71D41342000C6F4BC /* Util */ = {
			isa = PBXGroup;
			children = (
				9BD3F7A81D41342C00C6F4BC /* constants.swift */,
			);
			name = Util;
			sourceTree = "<group>";
		};
		9BD3F7B01D414DFD00C6F4BC /* Controller */ = {
			isa = PBXGroup;
			children = (
				9BD656CC1D4120CE008C15C6 /* ViewController.swift */,
				9BEE01931D522A3C00128DD5 /* SpotListViewController.swift */,
				9B7E929A1D538A7700DB9D13 /* ScrollViewController.swift */,
				9B4F28DA1D53AF7200CEBD1E /* WeatherViewController.swift */,
				9B695CA41D52474B00E2DF39 /* MagicSeaweedViewController.swift */,
				9BD3F7B11D414E5100C6F4BC /* Feedvc.swift */,
				9B46C3891D54F4C40059D249 /* MapViewController.swift */,
				9B9403571D549FCD00A2A14C /* WebCamViewController.swift */,
				9B0CD3691D4BBCA90015FC17 /* MenuViewController.swift */,
			);
			name = Controller;
			sourceTree = "<group>";
		};
		9BD656BE1D4120CD008C15C6 = {
			isa = PBXGroup;
			children = (
				9BD656FC1D41218D008C15C6 /* View */,
				9B2983D61D424D2700CB5F0E /* Model */,
				9BD3F7B01D414DFD00C6F4BC /* Controller */,
				9BD3F7A71D41342000C6F4BC /* Util */,
				9BD3F7981D412DB500C6F4BC /* Services */,
				9BD3F7951D41297300C6F4BC /* Resources */,
				9BD6570E1D4121D4008C15C6 /* Frameworks */,
				9BD656C91D4120CE008C15C6 /* Kite Loop */,
				9BD656DE1D4120CE008C15C6 /* Kite LoopTests */,
				9BD656E91D4120CE008C15C6 /* Kite LoopUITests */,
				9BD656C81D4120CE008C15C6 /* Products */,
				F1595E17A63BC3B6E9093CC3 /* Pods */,
			);
			sourceTree = "<group>";
		};
		9BD656C81D4120CE008C15C6 /* Products */ = {
			isa = PBXGroup;
			children = (
				9BD656C71D4120CE008C15C6 /* Kite Loop.app */,
				9BD656DB1D4120CE008C15C6 /* Kite LoopTests.xctest */,
				9BD656E61D4120CE008C15C6 /* Kite LoopUITests.xctest */,
			);
			name = Products;
			sourceTree = "<group>";
		};
		9BD656C91D4120CE008C15C6 /* Kite Loop */ = {
			isa = PBXGroup;
			children = (
				9BD656CA1D4120CE008C15C6 /* AppDelegate.swift */,
				9BD656F81D412133008C15C6 /* Main.storyboard */,
				9BD656F91D412133008C15C6 /* LaunchScreen.storyboard */,
				9BD656D11D4120CE008C15C6 /* Assets.xcassets */,
				9B46C3931D5501DA0059D249 /* Celsius.svg_0.png */,
				9B46C3941D5501DA0059D249 /* humidity.png */,
				9B46C3911D5500DB0059D249 /* thermometer-512.png */,
				9B46C38F1D55009C0059D249 /* cloud3.png */,
				9B4F28E21D53BBDA00CEBD1E /* sun-badass.png */,
				9B46C38D1D54F55C0059D249 /* globe (1).png */,
				9B46C38B1D54F5240059D249 /* globe.png */,
				9B4F28E01D53BB0200CEBD1E /* pict--vertical-separator-ms-windows-vista-user-interface-vector-stencils-library.png */,
				9B4F28E41D53C1E500CEBD1E /* Compass (1).png */,
				9B0F9AC31D58ADFF00AE38C9 /* menu-arrow.png */,
				9B4F28DE1D53BAA800CEBD1E /* torn slit separator.png */,
				9B4F28DC1D53B58D00CEBD1E /* live-rain-wallpapers-8.jpeg */,
				9B9403551D54999B00A2A14C /* images.jpeg */,
				9B4F28D81D53AEC400CEBD1E /* chat.png */,
				9B4F28D41D53A88100CEBD1E /* white-clouds-256.png */,
				9B2D67481D511B4300F50312 /* Sports-Kitesurfing-icon.png */,
				9B115D881D4B73220054917D /* megaphone-icon.png */,
				9B115D861D4B72B60054917D /* surf-sign-1X.png */,
				9B115D821D4B71D40054917D /* surf-sign-sports-icon-symbol-water-surfing_121-99303.jpg */,
				9B115D841D4B722B0054917D /* sports-icon-png-3277.png */,
				9B115D801D4B71390054917D /* surf-sign.jpg */,
				9B9403591D54A0F300A2A14C /* webcam-icon.png */,
				9B22E2E81D491F2D00E784E6 /* images.png */,
				9BD656D61D4120CE008C15C6 /* Info.plist */,
			);
			path = "Kite Loop";
			sourceTree = "<group>";
		};
		9BD656DE1D4120CE008C15C6 /* Kite LoopTests */ = {
			isa = PBXGroup;
			children = (
				9BD656DF1D4120CE008C15C6 /* Kite_LoopTests.swift */,
				9BD656E11D4120CE008C15C6 /* Info.plist */,
			);
			path = "Kite LoopTests";
			sourceTree = "<group>";
		};
		9BD656E91D4120CE008C15C6 /* Kite LoopUITests */ = {
			isa = PBXGroup;
			children = (
				9BD656EA1D4120CE008C15C6 /* Kite_LoopUITests.swift */,
				9BD656EC1D4120CE008C15C6 /* Info.plist */,
			);
			path = "Kite LoopUITests";
			sourceTree = "<group>";
		};
		9BD656FC1D41218D008C15C6 /* View */ = {
			isa = PBXGroup;
			children = (
				9B695CA61D524B8300E2DF39 /* WebViews */,
				9BD656FD1D412197008C15C6 /* MaterialView.swift */,
				9BD656FE1D412197008C15C6 /* MaterialButton.swift */,
				9BD656FF1D412197008C15C6 /* MaterialTextField.swift */,
				9B2983D41D42344700CB5F0E /* PostCell.swift */,
				9B115D8C1D4B79030054917D /* SpotInfoView.swift */,
				9B0CD36B1D4BBFC40015FC17 /* MenuCell.swift */,
				9BE360981D523100009DF528 /* SpotCell.swift */,
				9B695CAB1D52574900E2DF39 /* MagicSeaweedView.swift */,
			);
			name = View;
			sourceTree = "<group>";
		};
		9BD6570E1D4121D4008C15C6 /* Frameworks */ = {
			isa = PBXGroup;
			children = (
				9BD3F7A51D4131AE00C6F4BC /* SystemConfiguration.framework */,
				9BD3F7A31D4131A400C6F4BC /* Security.framework */,
				9BD3F7A11D41319A00C6F4BC /* CFNetwork.framework */,
				9BD3F79F1D41318E00C6F4BC /* libc++.tbd */,
				9BD3F79D1D41317B00C6F4BC /* libicucore.tbd */,
				9BD3F79B1D41305200C6F4BC /* Firebase.framework */,
				9BD657081D4121CA008C15C6 /* Bolts.framework */,
				9BD657091D4121CA008C15C6 /* FBSDKCoreKit.framework */,
				9BD6570A1D4121CA008C15C6 /* FBSDKLoginKit.framework */,
				434462DDBB3DE90090C4DE1F /* Pods_Kite_Loop.framework */,
				8B41FBFE88F00D74F4AEB842 /* Pods_Kite_LoopTests.framework */,
				76FAA687CD1D17D533AB31D6 /* Pods_Kite_LoopUITests.framework */,
			);
			name = Frameworks;
			sourceTree = "<group>";
		};
		F1595E17A63BC3B6E9093CC3 /* Pods */ = {
			isa = PBXGroup;
			children = (
				83C00FC6E7D7B80B80E265E6 /* Pods-Kite Loop.debug.xcconfig */,
				C0C77853EAD8D9EE8F5A5BC1 /* Pods-Kite Loop.release.xcconfig */,
			);
			name = Pods;
			sourceTree = "<group>";
		};
/* End PBXGroup section */

/* Begin PBXNativeTarget section */
		9BD656C61D4120CE008C15C6 /* Kite Loop */ = {
			isa = PBXNativeTarget;
			buildConfigurationList = 9BD656EF1D4120CE008C15C6 /* Build configuration list for PBXNativeTarget "Kite Loop" */;
			buildPhases = (
				75A8F51FC89E78858043FE16 /* [CP] Check Pods Manifest.lock */,
				9BD656C31D4120CE008C15C6 /* Sources */,
				9BD656C41D4120CE008C15C6 /* Frameworks */,
				9BD656C51D4120CE008C15C6 /* Resources */,
				203953CF1558A8B69FC55AAD /* [CP] Embed Pods Frameworks */,
				AC265082F0C20552442B46D9 /* [CP] Copy Pods Resources */,
			);
			buildRules = (
			);
			dependencies = (
			);
			name = "Kite Loop";
			productName = "Kite Loop";
			productReference = 9BD656C71D4120CE008C15C6 /* Kite Loop.app */;
			productType = "com.apple.product-type.application";
		};
		9BD656DA1D4120CE008C15C6 /* Kite LoopTests */ = {
			isa = PBXNativeTarget;
			buildConfigurationList = 9BD656F21D4120CE008C15C6 /* Build configuration list for PBXNativeTarget "Kite LoopTests" */;
			buildPhases = (
				3F6A676A3F73F97F1AEAA268 /* [CP] Check Pods Manifest.lock */,
				9BD656D71D4120CE008C15C6 /* Sources */,
				9BD656D81D4120CE008C15C6 /* Frameworks */,
				9BD656D91D4120CE008C15C6 /* Resources */,
				3AB6BA897C61457A96CE8435 /* [CP] Embed Pods Frameworks */,
				46FCD994CBBCAEF78BA41E0B /* [CP] Copy Pods Resources */,
			);
			buildRules = (
			);
			dependencies = (
				9BD656DD1D4120CE008C15C6 /* PBXTargetDependency */,
			);
			name = "Kite LoopTests";
			productName = "Kite LoopTests";
			productReference = 9BD656DB1D4120CE008C15C6 /* Kite LoopTests.xctest */;
			productType = "com.apple.product-type.bundle.unit-test";
		};
		9BD656E51D4120CE008C15C6 /* Kite LoopUITests */ = {
			isa = PBXNativeTarget;
			buildConfigurationList = 9BD656F51D4120CE008C15C6 /* Build configuration list for PBXNativeTarget "Kite LoopUITests" */;
			buildPhases = (
				F220D3A1351ED3F89B221BC8 /* [CP] Check Pods Manifest.lock */,
				9BD656E21D4120CE008C15C6 /* Sources */,
				9BD656E31D4120CE008C15C6 /* Frameworks */,
				9BD656E41D4120CE008C15C6 /* Resources */,
				DACC3E83DB5EE6A84580ACD4 /* [CP] Copy Pods Resources */,
			);
			buildRules = (
			);
			dependencies = (
				9BD656E81D4120CE008C15C6 /* PBXTargetDependency */,
			);
			name = "Kite LoopUITests";
			productName = "Kite LoopUITests";
			productReference = 9BD656E61D4120CE008C15C6 /* Kite LoopUITests.xctest */;
			productType = "com.apple.product-type.bundle.ui-testing";
		};
/* End PBXNativeTarget section */

/* Begin PBXProject section */
		9BD656BF1D4120CD008C15C6 /* Project object */ = {
			isa = PBXProject;
			attributes = {
				LastSwiftUpdateCheck = 0730;
				LastUpgradeCheck = 0730;
				ORGANIZATIONNAME = makadaapp;
				TargetAttributes = {
					9BD656C61D4120CE008C15C6 = {
						CreatedOnToolsVersion = 7.3.1;
						DevelopmentTeam = 5HKW3X5RG2;
					};
					9BD656DA1D4120CE008C15C6 = {
						CreatedOnToolsVersion = 7.3.1;
						TestTargetID = 9BD656C61D4120CE008C15C6;
					};
					9BD656E51D4120CE008C15C6 = {
						CreatedOnToolsVersion = 7.3.1;
						TestTargetID = 9BD656C61D4120CE008C15C6;
					};
				};
			};
			buildConfigurationList = 9BD656C21D4120CD008C15C6 /* Build configuration list for PBXProject "Kite Loop" */;
			compatibilityVersion = "Xcode 3.2";
			developmentRegion = English;
			hasScannedForEncodings = 0;
			knownRegions = (
				en,
				Base,
			);
			mainGroup = 9BD656BE1D4120CD008C15C6;
			productRefGroup = 9BD656C81D4120CE008C15C6 /* Products */;
			projectDirPath = "";
			projectRoot = "";
			targets = (
				9BD656C61D4120CE008C15C6 /* Kite Loop */,
				9BD656DA1D4120CE008C15C6 /* Kite LoopTests */,
				9BD656E51D4120CE008C15C6 /* Kite LoopUITests */,
			);
		};
/* End PBXProject section */

/* Begin PBXResourcesBuildPhase section */
		9BD656C51D4120CE008C15C6 /* Resources */ = {
			isa = PBXResourcesBuildPhase;
			buildActionMask = 2147483647;
			files = (
				9BD3F7AD1D4146BD00C6F4BC /* heart-empty-128.png in Resources */,
				9B46C38E1D54F55C0059D249 /* globe (1).png in Resources */,
				9B115D811D4B71390054917D /* surf-sign.jpg in Resources */,
				9B4F28E31D53BBDA00CEBD1E /* sun-badass.png in Resources */,
				9B4F28DF1D53BAA800CEBD1E /* torn slit separator.png in Resources */,
				9B9403561D54999B00A2A14C /* images.jpeg in Resources */,
				9B4F28D51D53A88100CEBD1E /* white-clouds-256.png in Resources */,
				9B4F28E51D53C1E500CEBD1E /* Compass (1).png in Resources */,
				9BD656D21D4120CE008C15C6 /* Assets.xcassets in Resources */,
				9B4F28E11D53BB0200CEBD1E /* pict--vertical-separator-ms-windows-vista-user-interface-vector-stencils-library.png in Resources */,
				9B115D891D4B73220054917D /* megaphone-icon.png in Resources */,
				9B46C3921D5500DB0059D249 /* thermometer-512.png in Resources */,
				9B46C3901D55009C0059D249 /* cloud3.png in Resources */,
				9B46C38C1D54F5240059D249 /* globe.png in Resources */,
				9BD3F7AC1D4146BD00C6F4BC /* 6107-nicolas-cage.jpg in Resources */,
				9B0F9AC41D58ADFF00AE38C9 /* menu-arrow.png in Resources */,
				9BD656FB1D412133008C15C6 /* LaunchScreen.storyboard in Resources */,
				9B115D831D4B71D40054917D /* surf-sign-sports-icon-symbol-water-surfing_121-99303.jpg in Resources */,
				9B115D851D4B722B0054917D /* sports-icon-png-3277.png in Resources */,
				9B4F28DD1D53B58D00CEBD1E /* live-rain-wallpapers-8.jpeg in Resources */,
				9B94035A1D54A0F300A2A14C /* webcam-icon.png in Resources */,
				9B4F28E71D53C5E200CEBD1E /* MagicSeaweed2.html in Resources */,
				9B2D67491D511B4400F50312 /* Sports-Kitesurfing-icon.png in Resources */,
				9B695CAA1D524DDE00E2DF39 /* MagicSeaweed.html in Resources */,
				9B46C3951D5501DA0059D249 /* Celsius.svg_0.png in Resources */,
				9B4F28D91D53AEC400CEBD1E /* chat.png in Resources */,
				9B115D871D4B72B60054917D /* surf-sign-1X.png in Resources */,
				9B46C3961D5501DA0059D249 /* humidity.png in Resources */,
				9B22E2E91D491F2D00E784E6 /* images.png in Resources */,
				9BD656FA1D412133008C15C6 /* Main.storyboard in Resources */,
				9BD3F7AF1D4148A400C6F4BC /* kitesurfer.jpeg in Resources */,
			);
			runOnlyForDeploymentPostprocessing = 0;
		};
		9BD656D91D4120CE008C15C6 /* Resources */ = {
			isa = PBXResourcesBuildPhase;
			buildActionMask = 2147483647;
			files = (
			);
			runOnlyForDeploymentPostprocessing = 0;
		};
		9BD656E41D4120CE008C15C6 /* Resources */ = {
			isa = PBXResourcesBuildPhase;
			buildActionMask = 2147483647;
			files = (
			);
			runOnlyForDeploymentPostprocessing = 0;
		};
/* End PBXResourcesBuildPhase section */

/* Begin PBXShellScriptBuildPhase section */
		203953CF1558A8B69FC55AAD /* [CP] Embed Pods Frameworks */ = {
			isa = PBXShellScriptBuildPhase;
			buildActionMask = 2147483647;
			files = (
			);
			inputPaths = (
			);
			name = "[CP] Embed Pods Frameworks";
			outputPaths = (
			);
			runOnlyForDeploymentPostprocessing = 0;
			shellPath = /bin/sh;
			shellScript = "\"${SRCROOT}/Pods/Target Support Files/Pods-Kite Loop/Pods-Kite Loop-frameworks.sh\"\n";
			showEnvVarsInLog = 0;
		};
		3AB6BA897C61457A96CE8435 /* [CP] Embed Pods Frameworks */ = {
			isa = PBXShellScriptBuildPhase;
			buildActionMask = 2147483647;
			files = (
			);
			inputPaths = (
			);
			name = "[CP] Embed Pods Frameworks";
			outputPaths = (
			);
			runOnlyForDeploymentPostprocessing = 0;
			shellPath = /bin/sh;
			shellScript = "\"${SRCROOT}/Pods/Target Support Files/Pods-Kite LoopTests/Pods-Kite LoopTests-frameworks.sh\"\n";
			showEnvVarsInLog = 0;
		};
		3F6A676A3F73F97F1AEAA268 /* [CP] Check Pods Manifest.lock */ = {
			isa = PBXShellScriptBuildPhase;
			buildActionMask = 2147483647;
			files = (
			);
			inputPaths = (
			);
			name = "[CP] Check Pods Manifest.lock";
			outputPaths = (
			);
			runOnlyForDeploymentPostprocessing = 0;
			shellPath = /bin/sh;
			shellScript = "diff \"${PODS_ROOT}/../Podfile.lock\" \"${PODS_ROOT}/Manifest.lock\" > /dev/null\nif [[ $? != 0 ]] ; then\n    cat << EOM\nerror: The sandbox is not in sync with the Podfile.lock. Run 'pod install' or update your CocoaPods installation.\nEOM\n    exit 1\nfi\n";
			showEnvVarsInLog = 0;
		};
		46FCD994CBBCAEF78BA41E0B /* [CP] Copy Pods Resources */ = {
			isa = PBXShellScriptBuildPhase;
			buildActionMask = 2147483647;
			files = (
			);
			inputPaths = (
			);
			name = "[CP] Copy Pods Resources";
			outputPaths = (
			);
			runOnlyForDeploymentPostprocessing = 0;
			shellPath = /bin/sh;
			shellScript = "\"${SRCROOT}/Pods/Target Support Files/Pods-Kite LoopTests/Pods-Kite LoopTests-resources.sh\"\n";
			showEnvVarsInLog = 0;
		};
		75A8F51FC89E78858043FE16 /* [CP] Check Pods Manifest.lock */ = {
			isa = PBXShellScriptBuildPhase;
			buildActionMask = 2147483647;
			files = (
			);
			inputPaths = (
			);
			name = "[CP] Check Pods Manifest.lock";
			outputPaths = (
			);
			runOnlyForDeploymentPostprocessing = 0;
			shellPath = /bin/sh;
			shellScript = "diff \"${PODS_ROOT}/../Podfile.lock\" \"${PODS_ROOT}/Manifest.lock\" > /dev/null\nif [[ $? != 0 ]] ; then\n    cat << EOM\nerror: The sandbox is not in sync with the Podfile.lock. Run 'pod install' or update your CocoaPods installation.\nEOM\n    exit 1\nfi\n";
			showEnvVarsInLog = 0;
		};
		AC265082F0C20552442B46D9 /* [CP] Copy Pods Resources */ = {
			isa = PBXShellScriptBuildPhase;
			buildActionMask = 2147483647;
			files = (
			);
			inputPaths = (
			);
			name = "[CP] Copy Pods Resources";
			outputPaths = (
			);
			runOnlyForDeploymentPostprocessing = 0;
			shellPath = /bin/sh;
			shellScript = "\"${SRCROOT}/Pods/Target Support Files/Pods-Kite Loop/Pods-Kite Loop-resources.sh\"\n";
			showEnvVarsInLog = 0;
		};
		DACC3E83DB5EE6A84580ACD4 /* [CP] Copy Pods Resources */ = {
			isa = PBXShellScriptBuildPhase;
			buildActionMask = 2147483647;
			files = (
			);
			inputPaths = (
			);
			name = "[CP] Copy Pods Resources";
			outputPaths = (
			);
			runOnlyForDeploymentPostprocessing = 0;
			shellPath = /bin/sh;
			shellScript = "\"${SRCROOT}/Pods/Target Support Files/Pods-Kite LoopUITests/Pods-Kite LoopUITests-resources.sh\"\n";
			showEnvVarsInLog = 0;
		};
		F220D3A1351ED3F89B221BC8 /* [CP] Check Pods Manifest.lock */ = {
			isa = PBXShellScriptBuildPhase;
			buildActionMask = 2147483647;
			files = (
			);
			inputPaths = (
			);
			name = "[CP] Check Pods Manifest.lock";
			outputPaths = (
			);
			runOnlyForDeploymentPostprocessing = 0;
			shellPath = /bin/sh;
			shellScript = "diff \"${PODS_ROOT}/../Podfile.lock\" \"${PODS_ROOT}/Manifest.lock\" > /dev/null\nif [[ $? != 0 ]] ; then\n    cat << EOM\nerror: The sandbox is not in sync with the Podfile.lock. Run 'pod install' or update your CocoaPods installation.\nEOM\n    exit 1\nfi\n";
			showEnvVarsInLog = 0;
		};
/* End PBXShellScriptBuildPhase section */

/* Begin PBXSourcesBuildPhase section */
		9BD656C31D4120CE008C15C6 /* Sources */ = {
			isa = PBXSourcesBuildPhase;
			buildActionMask = 2147483647;
			files = (
				9B2D67471D50E6C200F50312 /* WeatherService.swift in Sources */,
				9BD657001D412197008C15C6 /* MaterialView.swift in Sources */,
				9BD3F79A1D412DD000C6F4BC /* DataService.swift in Sources */,
				9B0F9AC61D58CBC100AE38C9 /* User.swift in Sources */,
				9B695CAC1D52574900E2DF39 /* MagicSeaweedView.swift in Sources */,
				9BEE01941D522A3C00128DD5 /* SpotListViewController.swift in Sources */,
				9B2355D71D4A6BD700ADABF6 /* AmazoneService.swift in Sources */,
				9B0CD36A1D4BBCA90015FC17 /* MenuViewController.swift in Sources */,
				9B46C38A1D54F4C40059D249 /* MapViewController.swift in Sources */,
				9BD656CD1D4120CE008C15C6 /* ViewController.swift in Sources */,
				9B0CD3681D4BA8E10015FC17 /* Spot.swift in Sources */,
				9B9403581D549FCD00A2A14C /* WebCamViewController.swift in Sources */,
				9BD657021D412197008C15C6 /* MaterialTextField.swift in Sources */,
				9B7E929B1D538A7700DB9D13 /* ScrollViewController.swift in Sources */,
				9BD3F7B21D414E5100C6F4BC /* Feedvc.swift in Sources */,
				9B2983D51D42344700CB5F0E /* PostCell.swift in Sources */,
				0A4196D81E718E5A005E4A52 /* Kite_LoopTests.swift in Sources */,
				9BD657011D412197008C15C6 /* MaterialButton.swift in Sources */,
				9BD656CB1D4120CE008C15C6 /* AppDelegate.swift in Sources */,
				9B0CD36C1D4BBFC40015FC17 /* MenuCell.swift in Sources */,
				9B695CA51D52474B00E2DF39 /* MagicSeaweedViewController.swift in Sources */,
				9B115D8D1D4B79030054917D /* SpotInfoView.swift in Sources */,
				9BE360991D523100009DF528 /* SpotCell.swift in Sources */,
				9BD3F7A91D41342C00C6F4BC /* constants.swift in Sources */,
				9B2983D81D424D3800CB5F0E /* Post.swift in Sources */,
				9B4F28DB1D53AF7200CEBD1E /* WeatherViewController.swift in Sources */,
			);
			runOnlyForDeploymentPostprocessing = 0;
		};
		9BD656D71D4120CE008C15C6 /* Sources */ = {
			isa = PBXSourcesBuildPhase;
			buildActionMask = 2147483647;
			files = (
			);
			runOnlyForDeploymentPostprocessing = 0;
		};
		9BD656E21D4120CE008C15C6 /* Sources */ = {
			isa = PBXSourcesBuildPhase;
			buildActionMask = 2147483647;
			files = (
				9BD656EB1D4120CE008C15C6 /* Kite_LoopUITests.swift in Sources */,
			);
			runOnlyForDeploymentPostprocessing = 0;
		};
/* End PBXSourcesBuildPhase section */

/* Begin PBXTargetDependency section */
		9BD656DD1D4120CE008C15C6 /* PBXTargetDependency */ = {
			isa = PBXTargetDependency;
			target = 9BD656C61D4120CE008C15C6 /* Kite Loop */;
			targetProxy = 9BD656DC1D4120CE008C15C6 /* PBXContainerItemProxy */;
		};
		9BD656E81D4120CE008C15C6 /* PBXTargetDependency */ = {
			isa = PBXTargetDependency;
			target = 9BD656C61D4120CE008C15C6 /* Kite Loop */;
			targetProxy = 9BD656E71D4120CE008C15C6 /* PBXContainerItemProxy */;
		};
/* End PBXTargetDependency section */

/* Begin XCBuildConfiguration section */
		9BD656ED1D4120CE008C15C6 /* Debug */ = {
			isa = XCBuildConfiguration;
			buildSettings = {
				ALWAYS_SEARCH_USER_PATHS = NO;
				CLANG_ANALYZER_NONNULL = YES;
				CLANG_CXX_LANGUAGE_STANDARD = "gnu++0x";
				CLANG_CXX_LIBRARY = "libc++";
				CLANG_ENABLE_MODULES = YES;
				CLANG_ENABLE_OBJC_ARC = YES;
				CLANG_WARN_BOOL_CONVERSION = YES;
				CLANG_WARN_CONSTANT_CONVERSION = YES;
				CLANG_WARN_DIRECT_OBJC_ISA_USAGE = YES_ERROR;
				CLANG_WARN_EMPTY_BODY = YES;
				CLANG_WARN_ENUM_CONVERSION = YES;
				CLANG_WARN_INT_CONVERSION = YES;
				CLANG_WARN_OBJC_ROOT_CLASS = YES_ERROR;
				CLANG_WARN_UNREACHABLE_CODE = YES;
				CLANG_WARN__DUPLICATE_METHOD_MATCH = YES;
				"CODE_SIGN_IDENTITY[sdk=iphoneos*]" = "iPhone Developer";
				COPY_PHASE_STRIP = NO;
				DEBUG_INFORMATION_FORMAT = dwarf;
				ENABLE_STRICT_OBJC_MSGSEND = YES;
				ENABLE_TESTABILITY = YES;
				GCC_C_LANGUAGE_STANDARD = gnu99;
				GCC_DYNAMIC_NO_PIC = NO;
				GCC_NO_COMMON_BLOCKS = YES;
				GCC_OPTIMIZATION_LEVEL = 0;
				GCC_PREPROCESSOR_DEFINITIONS = (
					"DEBUG=1",
					"$(inherited)",
				);
				GCC_WARN_64_TO_32_BIT_CONVERSION = YES;
				GCC_WARN_ABOUT_RETURN_TYPE = YES_ERROR;
				GCC_WARN_UNDECLARED_SELECTOR = YES;
				GCC_WARN_UNINITIALIZED_AUTOS = YES_AGGRESSIVE;
				GCC_WARN_UNUSED_FUNCTION = YES;
				GCC_WARN_UNUSED_VARIABLE = YES;
				IPHONEOS_DEPLOYMENT_TARGET = 9.3;
				MTL_ENABLE_DEBUG_INFO = YES;
				ONLY_ACTIVE_ARCH = YES;
				SDKROOT = iphoneos;
				SWIFT_OPTIMIZATION_LEVEL = "-Onone";
				TARGETED_DEVICE_FAMILY = "1,2";
			};
			name = Debug;
		};
		9BD656EE1D4120CE008C15C6 /* Release */ = {
			isa = XCBuildConfiguration;
			buildSettings = {
				ALWAYS_SEARCH_USER_PATHS = NO;
				CLANG_ANALYZER_NONNULL = YES;
				CLANG_CXX_LANGUAGE_STANDARD = "gnu++0x";
				CLANG_CXX_LIBRARY = "libc++";
				CLANG_ENABLE_MODULES = YES;
				CLANG_ENABLE_OBJC_ARC = YES;
				CLANG_WARN_BOOL_CONVERSION = YES;
				CLANG_WARN_CONSTANT_CONVERSION = YES;
				CLANG_WARN_DIRECT_OBJC_ISA_USAGE = YES_ERROR;
				CLANG_WARN_EMPTY_BODY = YES;
				CLANG_WARN_ENUM_CONVERSION = YES;
				CLANG_WARN_INT_CONVERSION = YES;
				CLANG_WARN_OBJC_ROOT_CLASS = YES_ERROR;
				CLANG_WARN_UNREACHABLE_CODE = YES;
				CLANG_WARN__DUPLICATE_METHOD_MATCH = YES;
				"CODE_SIGN_IDENTITY[sdk=iphoneos*]" = "iPhone Developer";
				COPY_PHASE_STRIP = NO;
				DEBUG_INFORMATION_FORMAT = "dwarf-with-dsym";
				ENABLE_NS_ASSERTIONS = NO;
				ENABLE_STRICT_OBJC_MSGSEND = YES;
				GCC_C_LANGUAGE_STANDARD = gnu99;
				GCC_NO_COMMON_BLOCKS = YES;
				GCC_WARN_64_TO_32_BIT_CONVERSION = YES;
				GCC_WARN_ABOUT_RETURN_TYPE = YES_ERROR;
				GCC_WARN_UNDECLARED_SELECTOR = YES;
				GCC_WARN_UNINITIALIZED_AUTOS = YES_AGGRESSIVE;
				GCC_WARN_UNUSED_FUNCTION = YES;
				GCC_WARN_UNUSED_VARIABLE = YES;
				IPHONEOS_DEPLOYMENT_TARGET = 9.3;
				MTL_ENABLE_DEBUG_INFO = NO;
				SDKROOT = iphoneos;
				TARGETED_DEVICE_FAMILY = "1,2";
				VALIDATE_PRODUCT = YES;
			};
			name = Release;
		};
		9BD656F01D4120CE008C15C6 /* Debug */ = {
			isa = XCBuildConfiguration;
			baseConfigurationReference = 83C00FC6E7D7B80B80E265E6 /* Pods-Kite Loop.debug.xcconfig */;
			buildSettings = {
				ASSETCATALOG_COMPILER_APPICON_NAME = AppIcon;
				DEVELOPMENT_TEAM = 5HKW3X5RG2;
				FRAMEWORK_SEARCH_PATHS = (
					"$(inherited)",
					"$(PROJECT_DIR)",
				);
				GCC_OPTIMIZATION_LEVEL = 0;
				INFOPLIST_FILE = "Kite Loop/Info.plist";
				LD_RUNPATH_SEARCH_PATHS = "$(inherited) @executable_path/Frameworks";
				PRODUCT_BUNDLE_IDENTIFIER = "com.makadaapp.Kite-Loop";
				PRODUCT_NAME = "$(TARGET_NAME)";
			};
			name = Debug;
		};
		9BD656F11D4120CE008C15C6 /* Release */ = {
			isa = XCBuildConfiguration;
			baseConfigurationReference = C0C77853EAD8D9EE8F5A5BC1 /* Pods-Kite Loop.release.xcconfig */;
			buildSettings = {
				ASSETCATALOG_COMPILER_APPICON_NAME = AppIcon;
				DEVELOPMENT_TEAM = 5HKW3X5RG2;
				FRAMEWORK_SEARCH_PATHS = (
					"$(inherited)",
					"$(PROJECT_DIR)",
				);
				GCC_OPTIMIZATION_LEVEL = 0;
				INFOPLIST_FILE = "Kite Loop/Info.plist";
				LD_RUNPATH_SEARCH_PATHS = "$(inherited) @executable_path/Frameworks";
				PRODUCT_BUNDLE_IDENTIFIER = "com.makadaapp.Kite-Loop";
				PRODUCT_NAME = "$(TARGET_NAME)";
			};
			name = Release;
		};
		9BD656F31D4120CE008C15C6 /* Debug */ = {
			isa = XCBuildConfiguration;
			buildSettings = {
				BUNDLE_LOADER = "$(TEST_HOST)";
				INFOPLIST_FILE = "Kite LoopTests/Info.plist";
				LD_RUNPATH_SEARCH_PATHS = "$(inherited) @executable_path/Frameworks @loader_path/Frameworks";
				PRODUCT_BUNDLE_IDENTIFIER = "com.makadaapp.Kite-LoopTests";
				PRODUCT_NAME = "$(TARGET_NAME)";
				TEST_HOST = "$(BUILT_PRODUCTS_DIR)/Kite Loop.app/Kite Loop";
			};
			name = Debug;
		};
		9BD656F41D4120CE008C15C6 /* Release */ = {
			isa = XCBuildConfiguration;
			buildSettings = {
				BUNDLE_LOADER = "$(TEST_HOST)";
				INFOPLIST_FILE = "Kite LoopTests/Info.plist";
				LD_RUNPATH_SEARCH_PATHS = "$(inherited) @executable_path/Frameworks @loader_path/Frameworks";
				PRODUCT_BUNDLE_IDENTIFIER = "com.makadaapp.Kite-LoopTests";
				PRODUCT_NAME = "$(TARGET_NAME)";
				TEST_HOST = "$(BUILT_PRODUCTS_DIR)/Kite Loop.app/Kite Loop";
			};
			name = Release;
		};
		9BD656F61D4120CE008C15C6 /* Debug */ = {
			isa = XCBuildConfiguration;
			buildSettings = {
				INFOPLIST_FILE = "Kite LoopUITests/Info.plist";
				LD_RUNPATH_SEARCH_PATHS = "$(inherited) @executable_path/Frameworks @loader_path/Frameworks";
				PRODUCT_BUNDLE_IDENTIFIER = "com.makadaapp.Kite-LoopUITests";
				PRODUCT_NAME = "$(TARGET_NAME)";
				TEST_TARGET_NAME = "Kite Loop";
			};
			name = Debug;
		};
		9BD656F71D4120CE008C15C6 /* Release */ = {
			isa = XCBuildConfiguration;
			buildSettings = {
				INFOPLIST_FILE = "Kite LoopUITests/Info.plist";
				LD_RUNPATH_SEARCH_PATHS = "$(inherited) @executable_path/Frameworks @loader_path/Frameworks";
				PRODUCT_BUNDLE_IDENTIFIER = "com.makadaapp.Kite-LoopUITests";
				PRODUCT_NAME = "$(TARGET_NAME)";
				TEST_TARGET_NAME = "Kite Loop";
			};
			name = Release;
		};
/* End XCBuildConfiguration section */

/* Begin XCConfigurationList section */
		9BD656C21D4120CD008C15C6 /* Build configuration list for PBXProject "Kite Loop" */ = {
			isa = XCConfigurationList;
			buildConfigurations = (
				9BD656ED1D4120CE008C15C6 /* Debug */,
				9BD656EE1D4120CE008C15C6 /* Release */,
			);
			defaultConfigurationIsVisible = 0;
			defaultConfigurationName = Release;
		};
		9BD656EF1D4120CE008C15C6 /* Build configuration list for PBXNativeTarget "Kite Loop" */ = {
			isa = XCConfigurationList;
			buildConfigurations = (
				9BD656F01D4120CE008C15C6 /* Debug */,
				9BD656F11D4120CE008C15C6 /* Release */,
			);
			defaultConfigurationIsVisible = 0;
			defaultConfigurationName = Release;
		};
		9BD656F21D4120CE008C15C6 /* Build configuration list for PBXNativeTarget "Kite LoopTests" */ = {
			isa = XCConfigurationList;
			buildConfigurations = (
				9BD656F31D4120CE008C15C6 /* Debug */,
				9BD656F41D4120CE008C15C6 /* Release */,
			);
			defaultConfigurationIsVisible = 0;
			defaultConfigurationName = Release;
		};
		9BD656F51D4120CE008C15C6 /* Build configuration list for PBXNativeTarget "Kite LoopUITests" */ = {
			isa = XCConfigurationList;
			buildConfigurations = (
				9BD656F61D4120CE008C15C6 /* Debug */,
				9BD656F71D4120CE008C15C6 /* Release */,
			);
			defaultConfigurationIsVisible = 0;
			defaultConfigurationName = Release;
		};
/* End XCConfigurationList section */
	};
	rootObject = 9BD656BF1D4120CD008C15C6 /* Project object */;
}
